
Microsoft Visual Studio Solution File, Format Version 12.00
# Visual Studio Version 17
VisualStudioVersion = 17.7.34024.191
MinimumVisualStudioVersion = 10.0.40219.1
Project("{FAE04EC0-301F-11D3-BF4B-00C04F79EFBC}") = "TodoList", "TodoList\TodoList.csproj", "{4D9E4E33-5117-4473-A810-3AC489CBF86F}"
EndProject
Project("{FAE04EC0-301F-11D3-BF4B-00C04F79EFBC}") = "TodoList.Models", "TodoList.Models\TodoList.Models.csproj", "{B6AAFDA2-1940-40BD-80D9-5478A1DA00C3}"
EndProject
Project("{FAE04EC0-301F-11D3-BF4B-00C04F79EFBC}") = "TodoList.DataAccess", "TodoList.DataAccess\TodoList.DataAccess.csproj", "{06E51D95-B04E-400C-B163-74A2222C5E98}"
EndProject
Project("{FAE04EC0-301F-11D3-BF4B-00C04F79EFBC}") = "TodoList.Services", "TodoList.Services\TodoList.Services.csproj", "{94B766E9-102E-4AAE-A698-A4FD37CF5399}"
EndProject
Global
	GlobalSection(SolutionConfigurationPlatforms) = preSolution
		Debug|Any CPU = Debug|Any CPU
		Release|Any CPU = Release|Any CPU
	EndGlobalSection
	GlobalSection(ProjectConfigurationPlatforms) = postSolution
		{4D9E4E33-5117-4473-A810-3AC489CBF86F}.Debug|Any CPU.ActiveCfg = Debug|Any CPU
		{4D9E4E33-5117-4473-A810-3AC489CBF86F}.Debug|Any CPU.Build.0 = Debug|Any CPU
		{4D9E4E33-5117-4473-A810-3AC489CBF86F}.Release|Any CPU.ActiveCfg = Release|Any CPU
		{4D9E4E33-5117-4473-A810-3AC489CBF86F}.Release|Any CPU.Build.0 = Release|Any CPU
		{B6AAFDA2-1940-40BD-80D9-5478A1DA00C3}.Debug|Any CPU.ActiveCfg = Debug|Any CPU
		{B6AAFDA2-1940-40BD-80D9-5478A1DA00C3}.Debug|Any CPU.Build.0 = Debug|Any CPU
		{B6AAFDA2-1940-40BD-80D9-5478A1DA00C3}.Release|Any CPU.ActiveCfg = Release|Any CPU
		{B6AAFDA2-1940-40BD-80D9-5478A1DA00C3}.Release|Any CPU.Build.0 = Release|Any CPU
		{06E51D95-B04E-400C-B163-74A2222C5E98}.Debug|Any CPU.ActiveCfg = Debug|Any CPU
		{06E51D95-B04E-400C-B163-74A2222C5E98}.Debug|Any CPU.Build.0 = Debug|Any CPU
		{06E51D95-B04E-400C-B163-74A2222C5E98}.Release|Any CPU.ActiveCfg = Release|Any CPU
		{06E51D95-B04E-400C-B163-74A2222C5E98}.Release|Any CPU.Build.0 = Release|Any CPU
		{94B766E9-102E-4AAE-A698-A4FD37CF5399}.Debug|Any CPU.ActiveCfg = Debug|Any CPU
		{94B766E9-102E-4AAE-A698-A4FD37CF5399}.Debug|Any CPU.Build.0 = Debug|Any CPU
		{94B766E9-102E-4AAE-A698-A4FD37CF5399}.Release|Any CPU.ActiveCfg = Release|Any CPU
		{94B766E9-102E-4AAE-A698-A4FD37CF5399}.Release|Any CPU.Build.0 = Release|Any CPU
	EndGlobalSection
	GlobalSection(SolutionProperties) = preSolution
		HideSolutionNode = FALSE
	EndGlobalSection
	GlobalSection(ExtensibilityGlobals) = postSolution
		SolutionGuid = {64BC0978-886F-4BA1-9633-31BF9275A7B4}
	EndGlobalSection
EndGlobal
